
Microsoft Visual Studio Solution File, Format Version 12.00
# Visual Studio Version 17
VisualStudioVersion = 17.14.36203.30 d17.14
MinimumVisualStudioVersion = 10.0.40219.1
Project("{FAE04EC0-301F-11D3-BF4B-00C04F79EFBC}") = "Kursow proekt 3", "Kursow proekt 3\Kursow proekt 3.csproj", "{36182035-2F33-49BA-BA69-7561E8549034}"
EndProject
Global
	GlobalSection(SolutionConfigurationPlatforms) = preSolution
		Debug|Any CPU = Debug|Any CPU
		Release|Any CPU = Release|Any CPU
	EndGlobalSection
	GlobalSection(ProjectConfigurationPlatforms) = postSolution
		{36182035-2F33-49BA-BA69-7561E8549034}.Debug|Any CPU.ActiveCfg = Debug|Any CPU
		{36182035-2F33-49BA-BA69-7561E8549034}.Debug|Any CPU.Build.0 = Debug|Any CPU
		{36182035-2F33-49BA-BA69-7561E8549034}.Release|Any CPU.ActiveCfg = Release|Any CPU
		{36182035-2F33-49BA-BA69-7561E8549034}.Release|Any CPU.Build.0 = Release|Any CPU
	EndGlobalSection
	GlobalSection(SolutionProperties) = preSolution
		HideSolutionNode = FALSE
	EndGlobalSection
	GlobalSection(ExtensibilityGlobals) = postSolution
		SolutionGuid = {45A3454A-ED85-483A-98A0-7C57D257E8DE}
	EndGlobalSection
EndGlobal
